
Microsoft Visual Studio Solution File, Format Version 12.00
# Visual Studio Version 16
VisualStudioVersion = 16.0.29215.179
MinimumVisualStudioVersion = 10.0.40219.1
Project("{FAE04EC0-301F-11D3-BF4B-00C04F79EFBC}") = "Dszy", "Dszy\Dszy.csproj", "{5882DBC6-89F0-4218-B4CB-B12E6F90BA68}"
EndProject
Global
	GlobalSection(SolutionConfigurationPlatforms) = preSolution
		Debug|Any CPU = Debug|Any CPU
		Release|Any CPU = Release|Any CPU
	EndGlobalSection
	GlobalSection(ProjectConfigurationPlatforms) = postSolution
		{5882DBC6-89F0-4218-B4CB-B12E6F90BA68}.Debug|Any CPU.ActiveCfg = Debug|Any CPU
		{5882DBC6-89F0-4218-B4CB-B12E6F90BA68}.Debug|Any CPU.Build.0 = Debug|Any CPU
		{5882DBC6-89F0-4218-B4CB-B12E6F90BA68}.Release|Any CPU.ActiveCfg = Release|Any CPU
		{5882DBC6-89F0-4218-B4CB-B12E6F90BA68}.Release|Any CPU.Build.0 = Release|Any CPU
	EndGlobalSection
	GlobalSection(SolutionProperties) = preSolution
		HideSolutionNode = FALSE
	EndGlobalSection
	GlobalSection(ExtensibilityGlobals) = postSolution
		SolutionGuid = {DD8477FF-38EC-4F9E-B65E-230683EA0150}
	EndGlobalSection
EndGlobal
